{
  "name": "consistent-hash-implementation",
  "version": "1.0.0",
  "lockfileVersion": 1,
  "requires": true,
  "dependencies": {
    "consistent-hashing": {
      "version": "0.3.0",
      "resolved": "https://registry.npmjs.org/consistent-hashing/-/consistent-hashing-0.3.0.tgz",
      "integrity": "sha1-Zzs0eutcrZUuRP+y8UFttnn66DY="
    }
  }
}
